
Microsoft Visual Studio Solution File, Format Version 12.00
# Visual Studio Version 16
VisualStudioVersion = 16.0.30128.74
MinimumVisualStudioVersion = 10.0.40219.1
Project("{FAE04EC0-301F-11D3-BF4B-00C04F79EFBC}") = "InforCustomTypes", "InforCustomTypes\InforCustomTypes.csproj", "{8E6D46CD-3767-4A7C-8D97-595BBA70A2BA}"
EndProject
Project("{FAE04EC0-301F-11D3-BF4B-00C04F79EFBC}") = "InforCustomTypesDebugger", "..\InforCustomTypesDebugger\InforCustomTypesDebugger.csproj", "{2A8E6BF0-820C-4C49-9BC7-B96FD8FBE68E}"
EndProject
Global
	GlobalSection(SolutionConfigurationPlatforms) = preSolution
		Debug|Any CPU = Debug|Any CPU
		Release|Any CPU = Release|Any CPU
	EndGlobalSection
	GlobalSection(ProjectConfigurationPlatforms) = postSolution
		{8E6D46CD-3767-4A7C-8D97-595BBA70A2BA}.Debug|Any CPU.ActiveCfg = Debug|Any CPU
		{8E6D46CD-3767-4A7C-8D97-595BBA70A2BA}.Debug|Any CPU.Build.0 = Debug|Any CPU
		{8E6D46CD-3767-4A7C-8D97-595BBA70A2BA}.Release|Any CPU.ActiveCfg = Release|Any CPU
		{8E6D46CD-3767-4A7C-8D97-595BBA70A2BA}.Release|Any CPU.Build.0 = Release|Any CPU
		{2A8E6BF0-820C-4C49-9BC7-B96FD8FBE68E}.Debug|Any CPU.ActiveCfg = Debug|Any CPU
		{2A8E6BF0-820C-4C49-9BC7-B96FD8FBE68E}.Debug|Any CPU.Build.0 = Debug|Any CPU
		{2A8E6BF0-820C-4C49-9BC7-B96FD8FBE68E}.Release|Any CPU.ActiveCfg = Release|Any CPU
		{2A8E6BF0-820C-4C49-9BC7-B96FD8FBE68E}.Release|Any CPU.Build.0 = Release|Any CPU
	EndGlobalSection
	GlobalSection(SolutionProperties) = preSolution
		HideSolutionNode = FALSE
	EndGlobalSection
	GlobalSection(ExtensibilityGlobals) = postSolution
		SolutionGuid = {7C3BABD3-4544-4AF6-A95E-1178891B1E6D}
	EndGlobalSection
EndGlobal
